
Microsoft Visual Studio Solution File, Format Version 12.00
# Visual Studio 14
VisualStudioVersion = 14.0.25123.0
MinimumVisualStudioVersion = 10.0.40219.1
Project("{FAE04EC0-301F-11D3-BF4B-00C04F79EFBC}") = "AppListView.Droid", "AppListView\AppListView.Droid\AppListView.Droid.csproj", "{BBA4D091-2EAD-424E-AF8D-B0D495A86A68}"
EndProject
Project("{FAE04EC0-301F-11D3-BF4B-00C04F79EFBC}") = "AppListView.iOS", "AppListView\AppListView.iOS\AppListView.iOS.csproj", "{9E803813-033B-40AD-84D6-7548CF9691F6}"
EndProject
Project("{FAE04EC0-301F-11D3-BF4B-00C04F79EFBC}") = "AppListView.WinPhone", "AppListView\AppListView.WinPhone\AppListView.WinPhone.csproj", "{DA9FE6C3-99A7-425A-A3E3-34AE192DB2F8}"
EndProject
Project("{FAE04EC0-301F-11D3-BF4B-00C04F79EFBC}") = "AppListView.UWP", "AppListView\AppListView.UWP\AppListView.UWP.csproj", "{A2478127-7A30-4235-B68F-3DEAB93FF4C3}"
EndProject
Project("{FAE04EC0-301F-11D3-BF4B-00C04F79EFBC}") = "AppListView.Windows", "AppListView\AppListView.Windows\AppListView.Windows.csproj", "{68A6487F-067D-416B-95DA-63A7DA5D0464}"
EndProject
Project("{FAE04EC0-301F-11D3-BF4B-00C04F79EFBC}") = "AppListView", "AppListView\AppListView\AppListView.csproj", "{506CAADC-349F-42F6-8EE4-D20AE8470F5A}"
EndProject
Global
	GlobalSection(SolutionConfigurationPlatforms) = preSolution
		Ad-Hoc|Any CPU = Ad-Hoc|Any CPU
		Ad-Hoc|ARM = Ad-Hoc|ARM
		Ad-Hoc|iPhone = Ad-Hoc|iPhone
		Ad-Hoc|iPhoneSimulator = Ad-Hoc|iPhoneSimulator
		Ad-Hoc|x64 = Ad-Hoc|x64
		Ad-Hoc|x86 = Ad-Hoc|x86
		AppStore|Any CPU = AppStore|Any CPU
		AppStore|ARM = AppStore|ARM
		AppStore|iPhone = AppStore|iPhone
		AppStore|iPhoneSimulator = AppStore|iPhoneSimulator
		AppStore|x64 = AppStore|x64
		AppStore|x86 = AppStore|x86
		Debug|Any CPU = Debug|Any CPU
		Debug|ARM = Debug|ARM
		Debug|iPhone = Debug|iPhone
		Debug|iPhoneSimulator = Debug|iPhoneSimulator
		Debug|x64 = Debug|x64
		Debug|x86 = Debug|x86
		Release|Any CPU = Release|Any CPU
		Release|ARM = Release|ARM
		Release|iPhone = Release|iPhone
		Release|iPhoneSimulator = Release|iPhoneSimulator
		Release|x64 = Release|x64
		Release|x86 = Release|x86
	EndGlobalSection
	GlobalSection(ProjectConfigurationPlatforms) = postSolution
		{BBA4D091-2EAD-424E-AF8D-B0D495A86A68}.Ad-Hoc|Any CPU.ActiveCfg = Release|Any CPU
		{BBA4D091-2EAD-424E-AF8D-B0D495A86A68}.Ad-Hoc|Any CPU.Build.0 = Release|Any CPU
		{BBA4D091-2EAD-424E-AF8D-B0D495A86A68}.Ad-Hoc|Any CPU.Deploy.0 = Release|Any CPU
		{BBA4D091-2EAD-424E-AF8D-B0D495A86A68}.Ad-Hoc|ARM.ActiveCfg = Release|Any CPU
		{BBA4D091-2EAD-424E-AF8D-B0D495A86A68}.Ad-Hoc|ARM.Build.0 = Release|Any CPU
		{BBA4D091-2EAD-424E-AF8D-B0D495A86A68}.Ad-Hoc|ARM.Deploy.0 = Release|Any CPU
		{BBA4D091-2EAD-424E-AF8D-B0D495A86A68}.Ad-Hoc|iPhone.ActiveCfg = Release|Any CPU
		{BBA4D091-2EAD-424E-AF8D-B0D495A86A68}.Ad-Hoc|iPhone.Build.0 = Release|Any CPU
		{BBA4D091-2EAD-424E-AF8D-B0D495A86A68}.Ad-Hoc|iPhone.Deploy.0 = Release|Any CPU
		{BBA4D091-2EAD-424E-AF8D-B0D495A86A68}.Ad-Hoc|iPhoneSimulator.ActiveCfg = Release|Any CPU
		{BBA4D091-2EAD-424E-AF8D-B0D495A86A68}.Ad-Hoc|iPhoneSimulator.Build.0 = Release|Any CPU
		{BBA4D091-2EAD-424E-AF8D-B0D495A86A68}.Ad-Hoc|iPhoneSimulator.Deploy.0 = Release|Any CPU
		{BBA4D091-2EAD-424E-AF8D-B0D495A86A68}.Ad-Hoc|x64.ActiveCfg = Release|Any CPU
		{BBA4D091-2EAD-424E-AF8D-B0D495A86A68}.Ad-Hoc|x64.Build.0 = Release|Any CPU
		{BBA4D091-2EAD-424E-AF8D-B0D495A86A68}.Ad-Hoc|x64.Deploy.0 = Release|Any CPU
		{BBA4D091-2EAD-424E-AF8D-B0D495A86A68}.Ad-Hoc|x86.ActiveCfg = Release|Any CPU
		{BBA4D091-2EAD-424E-AF8D-B0D495A86A68}.Ad-Hoc|x86.Build.0 = Release|Any CPU
		{BBA4D091-2EAD-424E-AF8D-B0D495A86A68}.Ad-Hoc|x86.Deploy.0 = Release|Any CPU
		{BBA4D091-2EAD-424E-AF8D-B0D495A86A68}.AppStore|Any CPU.ActiveCfg = Release|Any CPU
		{BBA4D091-2EAD-424E-AF8D-B0D495A86A68}.AppStore|Any CPU.Build.0 = Release|Any CPU
		{BBA4D091-2EAD-424E-AF8D-B0D495A86A68}.AppStore|Any CPU.Deploy.0 = Release|Any CPU
		{BBA4D091-2EAD-424E-AF8D-B0D495A86A68}.AppStore|ARM.ActiveCfg = Release|Any CPU
		{BBA4D091-2EAD-424E-AF8D-B0D495A86A68}.AppStore|ARM.Build.0 = Release|Any CPU
		{BBA4D091-2EAD-424E-AF8D-B0D495A86A68}.AppStore|ARM.Deploy.0 = Release|Any CPU
		{BBA4D091-2EAD-424E-AF8D-B0D495A86A68}.AppStore|iPhone.ActiveCfg = Release|Any CPU
		{BBA4D091-2EAD-424E-AF8D-B0D495A86A68}.AppStore|iPhone.Build.0 = Release|Any CPU
		{BBA4D091-2EAD-424E-AF8D-B0D495A86A68}.AppStore|iPhone.Deploy.0 = Release|Any CPU
		{BBA4D091-2EAD-424E-AF8D-B0D495A86A68}.AppStore|iPhoneSimulator.ActiveCfg = Release|Any CPU
		{BBA4D091-2EAD-424E-AF8D-B0D495A86A68}.AppStore|iPhoneSimulator.Build.0 = Release|Any CPU
		{BBA4D091-2EAD-424E-AF8D-B0D495A86A68}.AppStore|iPhoneSimulator.Deploy.0 = Release|Any CPU
		{BBA4D091-2EAD-424E-AF8D-B0D495A86A68}.AppStore|x64.ActiveCfg = Release|Any CPU
		{BBA4D091-2EAD-424E-AF8D-B0D495A86A68}.AppStore|x64.Build.0 = Release|Any CPU
		{BBA4D091-2EAD-424E-AF8D-B0D495A86A68}.AppStore|x64.Deploy.0 = Release|Any CPU
		{BBA4D091-2EAD-424E-AF8D-B0D495A86A68}.AppStore|x86.ActiveCfg = Release|Any CPU
		{BBA4D091-2EAD-424E-AF8D-B0D495A86A68}.AppStore|x86.Build.0 = Release|Any CPU
		{BBA4D091-2EAD-424E-AF8D-B0D495A86A68}.AppStore|x86.Deploy.0 = Release|Any CPU
		{BBA4D091-2EAD-424E-AF8D-B0D495A86A68}.Debug|Any CPU.ActiveCfg = Debug|Any CPU
		{BBA4D091-2EAD-424E-AF8D-B0D495A86A68}.Debug|Any CPU.Build.0 = Debug|Any CPU
		{BBA4D091-2EAD-424E-AF8D-B0D495A86A68}.Debug|Any CPU.Deploy.0 = Debug|Any CPU
		{BBA4D091-2EAD-424E-AF8D-B0D495A86A68}.Debug|ARM.ActiveCfg = Debug|Any CPU
		{BBA4D091-2EAD-424E-AF8D-B0D495A86A68}.Debug|ARM.Build.0 = Debug|Any CPU
		{BBA4D091-2EAD-424E-AF8D-B0D495A86A68}.Debug|ARM.Deploy.0 = Debug|Any CPU
		{BBA4D091-2EAD-424E-AF8D-B0D495A86A68}.Debug|iPhone.ActiveCfg = Debug|Any CPU
		{BBA4D091-2EAD-424E-AF8D-B0D495A86A68}.Debug|iPhone.Build.0 = Debug|Any CPU
		{BBA4D091-2EAD-424E-AF8D-B0D495A86A68}.Debug|iPhone.Deploy.0 = Debug|Any CPU
		{BBA4D091-2EAD-424E-AF8D-B0D495A86A68}.Debug|iPhoneSimulator.ActiveCfg = Debug|Any CPU
		{BBA4D091-2EAD-424E-AF8D-B0D495A86A68}.Debug|iPhoneSimulator.Build.0 = Debug|Any CPU
		{BBA4D091-2EAD-424E-AF8D-B0D495A86A68}.Debug|iPhoneSimulator.Deploy.0 = Debug|Any CPU
		{BBA4D091-2EAD-424E-AF8D-B0D495A86A68}.Debug|x64.ActiveCfg = Debug|Any CPU
		{BBA4D091-2EAD-424E-AF8D-B0D495A86A68}.Debug|x64.Build.0 = Debug|Any CPU
		{BBA4D091-2EAD-424E-AF8D-B0D495A86A68}.Debug|x64.Deploy.0 = Debug|Any CPU
		{BBA4D091-2EAD-424E-AF8D-B0D495A86A68}.Debug|x86.ActiveCfg = Debug|Any CPU
		{BBA4D091-2EAD-424E-AF8D-B0D495A86A68}.Debug|x86.Build.0 = Debug|Any CPU
		{BBA4D091-2EAD-424E-AF8D-B0D495A86A68}.Debug|x86.Deploy.0 = Debug|Any CPU
		{BBA4D091-2EAD-424E-AF8D-B0D495A86A68}.Release|Any CPU.ActiveCfg = Release|Any CPU
		{BBA4D091-2EAD-424E-AF8D-B0D495A86A68}.Release|Any CPU.Build.0 = Release|Any CPU
		{BBA4D091-2EAD-424E-AF8D-B0D495A86A68}.Release|Any CPU.Deploy.0 = Release|Any CPU
		{BBA4D091-2EAD-424E-AF8D-B0D495A86A68}.Release|ARM.ActiveCfg = Release|Any CPU
		{BBA4D091-2EAD-424E-AF8D-B0D495A86A68}.Release|ARM.Build.0 = Release|Any CPU
		{BBA4D091-2EAD-424E-AF8D-B0D495A86A68}.Release|ARM.Deploy.0 = Release|Any CPU
		{BBA4D091-2EAD-424E-AF8D-B0D495A86A68}.Release|iPhone.ActiveCfg = Release|Any CPU
		{BBA4D091-2EAD-424E-AF8D-B0D495A86A68}.Release|iPhone.Build.0 = Release|Any CPU
		{BBA4D091-2EAD-424E-AF8D-B0D495A86A68}.Release|iPhone.Deploy.0 = Release|Any CPU
		{BBA4D091-2EAD-424E-AF8D-B0D495A86A68}.Release|iPhoneSimulator.ActiveCfg = Release|Any CPU
		{BBA4D091-2EAD-424E-AF8D-B0D495A86A68}.Release|iPhoneSimulator.Build.0 = Release|Any CPU
		{BBA4D091-2EAD-424E-AF8D-B0D495A86A68}.Release|iPhoneSimulator.Deploy.0 = Release|Any CPU
		{BBA4D091-2EAD-424E-AF8D-B0D495A86A68}.Release|x64.ActiveCfg = Release|Any CPU
		{BBA4D091-2EAD-424E-AF8D-B0D495A86A68}.Release|x64.Build.0 = Release|Any CPU
		{BBA4D091-2EAD-424E-AF8D-B0D495A86A68}.Release|x64.Deploy.0 = Release|Any CPU
		{BBA4D091-2EAD-424E-AF8D-B0D495A86A68}.Release|x86.ActiveCfg = Release|Any CPU
		{BBA4D091-2EAD-424E-AF8D-B0D495A86A68}.Release|x86.Build.0 = Release|Any CPU
		{BBA4D091-2EAD-424E-AF8D-B0D495A86A68}.Release|x86.Deploy.0 = Release|Any CPU
		{9E803813-033B-40AD-84D6-7548CF9691F6}.Ad-Hoc|Any CPU.ActiveCfg = Ad-Hoc|iPhone
		{9E803813-033B-40AD-84D6-7548CF9691F6}.Ad-Hoc|ARM.ActiveCfg = Ad-Hoc|iPhone
		{9E803813-033B-40AD-84D6-7548CF9691F6}.Ad-Hoc|iPhone.ActiveCfg = Ad-Hoc|iPhone
		{9E803813-033B-40AD-84D6-7548CF9691F6}.Ad-Hoc|iPhone.Build.0 = Ad-Hoc|iPhone
		{9E803813-033B-40AD-84D6-7548CF9691F6}.Ad-Hoc|iPhoneSimulator.ActiveCfg = Ad-Hoc|iPhoneSimulator
		{9E803813-033B-40AD-84D6-7548CF9691F6}.Ad-Hoc|iPhoneSimulator.Build.0 = Ad-Hoc|iPhoneSimulator
		{9E803813-033B-40AD-84D6-7548CF9691F6}.Ad-Hoc|x64.ActiveCfg = Ad-Hoc|iPhone
		{9E803813-033B-40AD-84D6-7548CF9691F6}.Ad-Hoc|x86.ActiveCfg = Ad-Hoc|iPhone
		{9E803813-033B-40AD-84D6-7548CF9691F6}.AppStore|Any CPU.ActiveCfg = AppStore|iPhone
		{9E803813-033B-40AD-84D6-7548CF9691F6}.AppStore|ARM.ActiveCfg = AppStore|iPhone
		{9E803813-033B-40AD-84D6-7548CF9691F6}.AppStore|iPhone.ActiveCfg = AppStore|iPhone
		{9E803813-033B-40AD-84D6-7548CF9691F6}.AppStore|iPhone.Build.0 = AppStore|iPhone
		{9E803813-033B-40AD-84D6-7548CF9691F6}.AppStore|iPhoneSimulator.ActiveCfg = AppStore|iPhoneSimulator
		{9E803813-033B-40AD-84D6-7548CF9691F6}.AppStore|iPhoneSimulator.Build.0 = AppStore|iPhoneSimulator
		{9E803813-033B-40AD-84D6-7548CF9691F6}.AppStore|x64.ActiveCfg = AppStore|iPhone
		{9E803813-033B-40AD-84D6-7548CF9691F6}.AppStore|x86.ActiveCfg = AppStore|iPhone
		{9E803813-033B-40AD-84D6-7548CF9691F6}.Debug|Any CPU.ActiveCfg = Debug|iPhone
		{9E803813-033B-40AD-84D6-7548CF9691F6}.Debug|ARM.ActiveCfg = Debug|iPhone
		{9E803813-033B-40AD-84D6-7548CF9691F6}.Debug|iPhone.ActiveCfg = Debug|iPhone
		{9E803813-033B-40AD-84D6-7548CF9691F6}.Debug|iPhone.Build.0 = Debug|iPhone
		{9E803813-033B-40AD-84D6-7548CF9691F6}.Debug|iPhoneSimulator.ActiveCfg = Debug|iPhoneSimulator
		{9E803813-033B-40AD-84D6-7548CF9691F6}.Debug|iPhoneSimulator.Build.0 = Debug|iPhoneSimulator
		{9E803813-033B-40AD-84D6-7548CF9691F6}.Debug|x64.ActiveCfg = Debug|iPhone
		{9E803813-033B-40AD-84D6-7548CF9691F6}.Debug|x86.ActiveCfg = Debug|iPhone
		{9E803813-033B-40AD-84D6-7548CF9691F6}.Release|Any CPU.ActiveCfg = Release|iPhone
		{9E803813-033B-40AD-84D6-7548CF9691F6}.Release|ARM.ActiveCfg = Release|iPhone
		{9E803813-033B-40AD-84D6-7548CF9691F6}.Release|iPhone.ActiveCfg = Release|iPhone
		{9E803813-033B-40AD-84D6-7548CF9691F6}.Release|iPhone.Build.0 = Release|iPhone
		{9E803813-033B-40AD-84D6-7548CF9691F6}.Release|iPhoneSimulator.ActiveCfg = Release|iPhoneSimulator
		{9E803813-033B-40AD-84D6-7548CF9691F6}.Release|iPhoneSimulator.Build.0 = Release|iPhoneSimulator
		{9E803813-033B-40AD-84D6-7548CF9691F6}.Release|x64.ActiveCfg = Release|iPhone
		{9E803813-033B-40AD-84D6-7548CF9691F6}.Release|x86.ActiveCfg = Release|iPhone
		{DA9FE6C3-99A7-425A-A3E3-34AE192DB2F8}.Ad-Hoc|Any CPU.ActiveCfg = Release|Any CPU
		{DA9FE6C3-99A7-425A-A3E3-34AE192DB2F8}.Ad-Hoc|Any CPU.Build.0 = Release|Any CPU
		{DA9FE6C3-99A7-425A-A3E3-34AE192DB2F8}.Ad-Hoc|Any CPU.Deploy.0 = Release|Any CPU
		{DA9FE6C3-99A7-425A-A3E3-34AE192DB2F8}.Ad-Hoc|ARM.ActiveCfg = Release|ARM
		{DA9FE6C3-99A7-425A-A3E3-34AE192DB2F8}.Ad-Hoc|ARM.Build.0 = Release|ARM
		{DA9FE6C3-99A7-425A-A3E3-34AE192DB2F8}.Ad-Hoc|ARM.Deploy.0 = Release|ARM
		{DA9FE6C3-99A7-425A-A3E3-34AE192DB2F8}.Ad-Hoc|iPhone.ActiveCfg = Release|Any CPU
		{DA9FE6C3-99A7-425A-A3E3-34AE192DB2F8}.Ad-Hoc|iPhone.Build.0 = Release|Any CPU
		{DA9FE6C3-99A7-425A-A3E3-34AE192DB2F8}.Ad-Hoc|iPhone.Deploy.0 = Release|Any CPU
		{DA9FE6C3-99A7-425A-A3E3-34AE192DB2F8}.Ad-Hoc|iPhoneSimulator.ActiveCfg = Release|Any CPU
		{DA9FE6C3-99A7-425A-A3E3-34AE192DB2F8}.Ad-Hoc|iPhoneSimulator.Build.0 = Release|Any CPU
		{DA9FE6C3-99A7-425A-A3E3-34AE192DB2F8}.Ad-Hoc|iPhoneSimulator.Deploy.0 = Release|Any CPU
		{DA9FE6C3-99A7-425A-A3E3-34AE192DB2F8}.Ad-Hoc|x64.ActiveCfg = Release|Any CPU
		{DA9FE6C3-99A7-425A-A3E3-34AE192DB2F8}.Ad-Hoc|x64.Build.0 = Release|Any CPU
		{DA9FE6C3-99A7-425A-A3E3-34AE192DB2F8}.Ad-Hoc|x64.Deploy.0 = Release|Any CPU
		{DA9FE6C3-99A7-425A-A3E3-34AE192DB2F8}.Ad-Hoc|x86.ActiveCfg = Release|x86
		{DA9FE6C3-99A7-425A-A3E3-34AE192DB2F8}.Ad-Hoc|x86.Build.0 = Release|x86
		{DA9FE6C3-99A7-425A-A3E3-34AE192DB2F8}.Ad-Hoc|x86.Deploy.0 = Release|x86
		{DA9FE6C3-99A7-425A-A3E3-34AE192DB2F8}.AppStore|Any CPU.ActiveCfg = Release|Any CPU
		{DA9FE6C3-99A7-425A-A3E3-34AE192DB2F8}.AppStore|Any CPU.Build.0 = Release|Any CPU
		{DA9FE6C3-99A7-425A-A3E3-34AE192DB2F8}.AppStore|Any CPU.Deploy.0 = Release|Any CPU
		{DA9FE6C3-99A7-425A-A3E3-34AE192DB2F8}.AppStore|ARM.ActiveCfg = Release|ARM
		{DA9FE6C3-99A7-425A-A3E3-34AE192DB2F8}.AppStore|ARM.Build.0 = Release|ARM
		{DA9FE6C3-99A7-425A-A3E3-34AE192DB2F8}.AppStore|ARM.Deploy.0 = Release|ARM
		{DA9FE6C3-99A7-425A-A3E3-34AE192DB2F8}.AppStore|iPhone.ActiveCfg = Release|Any CPU
		{DA9FE6C3-99A7-425A-A3E3-34AE192DB2F8}.AppStore|iPhone.Build.0 = Release|Any CPU
		{DA9FE6C3-99A7-425A-A3E3-34AE192DB2F8}.AppStore|iPhone.Deploy.0 = Release|Any CPU
		{DA9FE6C3-99A7-425A-A3E3-34AE192DB2F8}.AppStore|iPhoneSimulator.ActiveCfg = Release|Any CPU
		{DA9FE6C3-99A7-425A-A3E3-34AE192DB2F8}.AppStore|iPhoneSimulator.Build.0 = Release|Any CPU
		{DA9FE6C3-99A7-425A-A3E3-34AE192DB2F8}.AppStore|iPhoneSimulator.Deploy.0 = Release|Any CPU
		{DA9FE6C3-99A7-425A-A3E3-34AE192DB2F8}.AppStore|x64.ActiveCfg = Release|Any CPU
		{DA9FE6C3-99A7-425A-A3E3-34AE192DB2F8}.AppStore|x64.Build.0 = Release|Any CPU
		{DA9FE6C3-99A7-425A-A3E3-34AE192DB2F8}.AppStore|x64.Deploy.0 = Release|Any CPU
		{DA9FE6C3-99A7-425A-A3E3-34AE192DB2F8}.AppStore|x86.ActiveCfg = Release|x86
		{DA9FE6C3-99A7-425A-A3E3-34AE192DB2F8}.AppStore|x86.Build.0 = Release|x86
		{DA9FE6C3-99A7-425A-A3E3-34AE192DB2F8}.AppStore|x86.Deploy.0 = Release|x86
		{DA9FE6C3-99A7-425A-A3E3-34AE192DB2F8}.Debug|Any CPU.ActiveCfg = Debug|Any CPU
		{DA9FE6C3-99A7-425A-A3E3-34AE192DB2F8}.Debug|Any CPU.Build.0 = Debug|Any CPU
		{DA9FE6C3-99A7-425A-A3E3-34AE192DB2F8}.Debug|Any CPU.Deploy.0 = Debug|Any CPU
		{DA9FE6C3-99A7-425A-A3E3-34AE192DB2F8}.Debug|ARM.ActiveCfg = Debug|ARM
		{DA9FE6C3-99A7-425A-A3E3-34AE192DB2F8}.Debug|ARM.Build.0 = Debug|ARM
		{DA9FE6C3-99A7-425A-A3E3-34AE192DB2F8}.Debug|ARM.Deploy.0 = Debug|ARM
		{DA9FE6C3-99A7-425A-A3E3-34AE192DB2F8}.Debug|iPhone.ActiveCfg = Debug|Any CPU
		{DA9FE6C3-99A7-425A-A3E3-34AE192DB2F8}.Debug|iPhone.Build.0 = Debug|Any CPU
		{DA9FE6C3-99A7-425A-A3E3-34AE192DB2F8}.Debug|iPhone.Deploy.0 = Debug|Any CPU
		{DA9FE6C3-99A7-425A-A3E3-34AE192DB2F8}.Debug|iPhoneSimulator.ActiveCfg = Debug|Any CPU
		{DA9FE6C3-99A7-425A-A3E3-34AE192DB2F8}.Debug|iPhoneSimulator.Build.0 = Debug|Any CPU
		{DA9FE6C3-99A7-425A-A3E3-34AE192DB2F8}.Debug|iPhoneSimulator.Deploy.0 = Debug|Any CPU
		{DA9FE6C3-99A7-425A-A3E3-34AE192DB2F8}.Debug|x64.ActiveCfg = Debug|Any CPU
		{DA9FE6C3-99A7-425A-A3E3-34AE192DB2F8}.Debug|x64.Build.0 = Debug|Any CPU
		{DA9FE6C3-99A7-425A-A3E3-34AE192DB2F8}.Debug|x64.Deploy.0 = Debug|Any CPU
		{DA9FE6C3-99A7-425A-A3E3-34AE192DB2F8}.Debug|x86.ActiveCfg = Debug|x86
		{DA9FE6C3-99A7-425A-A3E3-34AE192DB2F8}.Debug|x86.Build.0 = Debug|x86
		{DA9FE6C3-99A7-425A-A3E3-34AE192DB2F8}.Debug|x86.Deploy.0 = Debug|x86
		{DA9FE6C3-99A7-425A-A3E3-34AE192DB2F8}.Release|Any CPU.ActiveCfg = Release|Any CPU
		{DA9FE6C3-99A7-425A-A3E3-34AE192DB2F8}.Release|Any CPU.Build.0 = Release|Any CPU
		{DA9FE6C3-99A7-425A-A3E3-34AE192DB2F8}.Release|Any CPU.Deploy.0 = Release|Any CPU
		{DA9FE6C3-99A7-425A-A3E3-34AE192DB2F8}.Release|ARM.ActiveCfg = Release|ARM
		{DA9FE6C3-99A7-425A-A3E3-34AE192DB2F8}.Release|ARM.Build.0 = Release|ARM
		{DA9FE6C3-99A7-425A-A3E3-34AE192DB2F8}.Release|ARM.Deploy.0 = Release|ARM
		{DA9FE6C3-99A7-425A-A3E3-34AE192DB2F8}.Release|iPhone.ActiveCfg = Release|Any CPU
		{DA9FE6C3-99A7-425A-A3E3-34AE192DB2F8}.Release|iPhone.Build.0 = Release|Any CPU
		{DA9FE6C3-99A7-425A-A3E3-34AE192DB2F8}.Release|iPhone.Deploy.0 = Release|Any CPU
		{DA9FE6C3-99A7-425A-A3E3-34AE192DB2F8}.Release|iPhoneSimulator.ActiveCfg = Release|Any CPU
		{DA9FE6C3-99A7-425A-A3E3-34AE192DB2F8}.Release|iPhoneSimulator.Build.0 = Release|Any CPU
		{DA9FE6C3-99A7-425A-A3E3-34AE192DB2F8}.Release|iPhoneSimulator.Deploy.0 = Release|Any CPU
		{DA9FE6C3-99A7-425A-A3E3-34AE192DB2F8}.Release|x64.ActiveCfg = Release|Any CPU
		{DA9FE6C3-99A7-425A-A3E3-34AE192DB2F8}.Release|x64.Build.0 = Release|Any CPU
		{DA9FE6C3-99A7-425A-A3E3-34AE192DB2F8}.Release|x64.Deploy.0 = Release|Any CPU
		{DA9FE6C3-99A7-425A-A3E3-34AE192DB2F8}.Release|x86.ActiveCfg = Release|x86
		{DA9FE6C3-99A7-425A-A3E3-34AE192DB2F8}.Release|x86.Build.0 = Release|x86
		{DA9FE6C3-99A7-425A-A3E3-34AE192DB2F8}.Release|x86.Deploy.0 = Release|x86
		{A2478127-7A30-4235-B68F-3DEAB93FF4C3}.Ad-Hoc|Any CPU.ActiveCfg = Release|x86
		{A2478127-7A30-4235-B68F-3DEAB93FF4C3}.Ad-Hoc|Any CPU.Build.0 = Release|x86
		{A2478127-7A30-4235-B68F-3DEAB93FF4C3}.Ad-Hoc|Any CPU.Deploy.0 = Release|x86
		{A2478127-7A30-4235-B68F-3DEAB93FF4C3}.Ad-Hoc|ARM.ActiveCfg = Release|ARM
		{A2478127-7A30-4235-B68F-3DEAB93FF4C3}.Ad-Hoc|ARM.Build.0 = Release|ARM
		{A2478127-7A30-4235-B68F-3DEAB93FF4C3}.Ad-Hoc|ARM.Deploy.0 = Release|ARM
		{A2478127-7A30-4235-B68F-3DEAB93FF4C3}.Ad-Hoc|iPhone.ActiveCfg = Release|x86
		{A2478127-7A30-4235-B68F-3DEAB93FF4C3}.Ad-Hoc|iPhone.Build.0 = Release|x86
		{A2478127-7A30-4235-B68F-3DEAB93FF4C3}.Ad-Hoc|iPhone.Deploy.0 = Release|x86
		{A2478127-7A30-4235-B68F-3DEAB93FF4C3}.Ad-Hoc|iPhoneSimulator.ActiveCfg = Release|x86
		{A2478127-7A30-4235-B68F-3DEAB93FF4C3}.Ad-Hoc|iPhoneSimulator.Build.0 = Release|x86
		{A2478127-7A30-4235-B68F-3DEAB93FF4C3}.Ad-Hoc|iPhoneSimulator.Deploy.0 = Release|x86
		{A2478127-7A30-4235-B68F-3DEAB93FF4C3}.Ad-Hoc|x64.ActiveCfg = Release|x64
		{A2478127-7A30-4235-B68F-3DEAB93FF4C3}.Ad-Hoc|x64.Build.0 = Release|x64
		{A2478127-7A30-4235-B68F-3DEAB93FF4C3}.Ad-Hoc|x64.Deploy.0 = Release|x64
		{A2478127-7A30-4235-B68F-3DEAB93FF4C3}.Ad-Hoc|x86.ActiveCfg = Release|x86
		{A2478127-7A30-4235-B68F-3DEAB93FF4C3}.Ad-Hoc|x86.Build.0 = Release|x86
		{A2478127-7A30-4235-B68F-3DEAB93FF4C3}.Ad-Hoc|x86.Deploy.0 = Release|x86
		{A2478127-7A30-4235-B68F-3DEAB93FF4C3}.AppStore|Any CPU.ActiveCfg = Release|x86
		{A2478127-7A30-4235-B68F-3DEAB93FF4C3}.AppStore|Any CPU.Build.0 = Release|x86
		{A2478127-7A30-4235-B68F-3DEAB93FF4C3}.AppStore|Any CPU.Deploy.0 = Release|x86
		{A2478127-7A30-4235-B68F-3DEAB93FF4C3}.AppStore|ARM.ActiveCfg = Release|ARM
		{A2478127-7A30-4235-B68F-3DEAB93FF4C3}.AppStore|ARM.Build.0 = Release|ARM
		{A2478127-7A30-4235-B68F-3DEAB93FF4C3}.AppStore|ARM.Deploy.0 = Release|ARM
		{A2478127-7A30-4235-B68F-3DEAB93FF4C3}.AppStore|iPhone.ActiveCfg = Release|x86
		{A2478127-7A30-4235-B68F-3DEAB93FF4C3}.AppStore|iPhone.Build.0 = Release|x86
		{A2478127-7A30-4235-B68F-3DEAB93FF4C3}.AppStore|iPhone.Deploy.0 = Release|x86
		{A2478127-7A30-4235-B68F-3DEAB93FF4C3}.AppStore|iPhoneSimulator.ActiveCfg = Release|x86
		{A2478127-7A30-4235-B68F-3DEAB93FF4C3}.AppStore|iPhoneSimulator.Build.0 = Release|x86
		{A2478127-7A30-4235-B68F-3DEAB93FF4C3}.AppStore|iPhoneSimulator.Deploy.0 = Release|x86
		{A2478127-7A30-4235-B68F-3DEAB93FF4C3}.AppStore|x64.ActiveCfg = Release|x64
		{A2478127-7A30-4235-B68F-3DEAB93FF4C3}.AppStore|x64.Build.0 = Release|x64
		{A2478127-7A30-4235-B68F-3DEAB93FF4C3}.AppStore|x64.Deploy.0 = Release|x64
		{A2478127-7A30-4235-B68F-3DEAB93FF4C3}.AppStore|x86.ActiveCfg = Release|x86
		{A2478127-7A30-4235-B68F-3DEAB93FF4C3}.AppStore|x86.Build.0 = Release|x86
		{A2478127-7A30-4235-B68F-3DEAB93FF4C3}.AppStore|x86.Deploy.0 = Release|x86
		{A2478127-7A30-4235-B68F-3DEAB93FF4C3}.Debug|Any CPU.ActiveCfg = Debug|x86
		{A2478127-7A30-4235-B68F-3DEAB93FF4C3}.Debug|ARM.ActiveCfg = Debug|ARM
		{A2478127-7A30-4235-B68F-3DEAB93FF4C3}.Debug|ARM.Build.0 = Debug|ARM
		{A2478127-7A30-4235-B68F-3DEAB93FF4C3}.Debug|ARM.Deploy.0 = Debug|ARM
		{A2478127-7A30-4235-B68F-3DEAB93FF4C3}.Debug|iPhone.ActiveCfg = Debug|x86
		{A2478127-7A30-4235-B68F-3DEAB93FF4C3}.Debug|iPhoneSimulator.ActiveCfg = Debug|x86
		{A2478127-7A30-4235-B68F-3DEAB93FF4C3}.Debug|x64.ActiveCfg = Debug|x64
		{A2478127-7A30-4235-B68F-3DEAB93FF4C3}.Debug|x64.Build.0 = Debug|x64
		{A2478127-7A30-4235-B68F-3DEAB93FF4C3}.Debug|x64.Deploy.0 = Debug|x64
		{A2478127-7A30-4235-B68F-3DEAB93FF4C3}.Debug|x86.ActiveCfg = Debug|x86
		{A2478127-7A30-4235-B68F-3DEAB93FF4C3}.Debug|x86.Build.0 = Debug|x86
		{A2478127-7A30-4235-B68F-3DEAB93FF4C3}.Debug|x86.Deploy.0 = Debug|x86
		{A2478127-7A30-4235-B68F-3DEAB93FF4C3}.Release|Any CPU.ActiveCfg = Release|x86
		{A2478127-7A30-4235-B68F-3DEAB93FF4C3}.Release|ARM.ActiveCfg = Release|ARM
		{A2478127-7A30-4235-B68F-3DEAB93FF4C3}.Release|ARM.Build.0 = Release|ARM
		{A2478127-7A30-4235-B68F-3DEAB93FF4C3}.Release|ARM.Deploy.0 = Release|ARM
		{A2478127-7A30-4235-B68F-3DEAB93FF4C3}.Release|iPhone.ActiveCfg = Release|x86
		{A2478127-7A30-4235-B68F-3DEAB93FF4C3}.Release|iPhoneSimulator.ActiveCfg = Release|x86
		{A2478127-7A30-4235-B68F-3DEAB93FF4C3}.Release|x64.ActiveCfg = Release|x64
		{A2478127-7A30-4235-B68F-3DEAB93FF4C3}.Release|x64.Build.0 = Release|x64
		{A2478127-7A30-4235-B68F-3DEAB93FF4C3}.Release|x64.Deploy.0 = Release|x64
		{A2478127-7A30-4235-B68F-3DEAB93FF4C3}.Release|x86.ActiveCfg = Release|x86
		{A2478127-7A30-4235-B68F-3DEAB93FF4C3}.Release|x86.Build.0 = Release|x86
		{A2478127-7A30-4235-B68F-3DEAB93FF4C3}.Release|x86.Deploy.0 = Release|x86
		{68A6487F-067D-416B-95DA-63A7DA5D0464}.Ad-Hoc|Any CPU.ActiveCfg = Release|Any CPU
		{68A6487F-067D-416B-95DA-63A7DA5D0464}.Ad-Hoc|Any CPU.Build.0 = Release|Any CPU
		{68A6487F-067D-416B-95DA-63A7DA5D0464}.Ad-Hoc|Any CPU.Deploy.0 = Release|Any CPU
		{68A6487F-067D-416B-95DA-63A7DA5D0464}.Ad-Hoc|ARM.ActiveCfg = Release|ARM
		{68A6487F-067D-416B-95DA-63A7DA5D0464}.Ad-Hoc|ARM.Build.0 = Release|ARM
		{68A6487F-067D-416B-95DA-63A7DA5D0464}.Ad-Hoc|ARM.Deploy.0 = Release|ARM
		{68A6487F-067D-416B-95DA-63A7DA5D0464}.Ad-Hoc|iPhone.ActiveCfg = Release|Any CPU
		{68A6487F-067D-416B-95DA-63A7DA5D0464}.Ad-Hoc|iPhone.Build.0 = Release|Any CPU
		{68A6487F-067D-416B-95DA-63A7DA5D0464}.Ad-Hoc|iPhone.Deploy.0 = Release|Any CPU
		{68A6487F-067D-416B-95DA-63A7DA5D0464}.Ad-Hoc|iPhoneSimulator.ActiveCfg = Release|Any CPU
		{68A6487F-067D-416B-95DA-63A7DA5D0464}.Ad-Hoc|iPhoneSimulator.Build.0 = Release|Any CPU
		{68A6487F-067D-416B-95DA-63A7DA5D0464}.Ad-Hoc|iPhoneSimulator.Deploy.0 = Release|Any CPU
		{68A6487F-067D-416B-95DA-63A7DA5D0464}.Ad-Hoc|x64.ActiveCfg = Release|x64
		{68A6487F-067D-416B-95DA-63A7DA5D0464}.Ad-Hoc|x64.Build.0 = Release|x64
		{68A6487F-067D-416B-95DA-63A7DA5D0464}.Ad-Hoc|x64.Deploy.0 = Release|x64
		{68A6487F-067D-416B-95DA-63A7DA5D0464}.Ad-Hoc|x86.ActiveCfg = Release|x86
		{68A6487F-067D-416B-95DA-63A7DA5D0464}.Ad-Hoc|x86.Build.0 = Release|x86
		{68A6487F-067D-416B-95DA-63A7DA5D0464}.Ad-Hoc|x86.Deploy.0 = Release|x86
		{68A6487F-067D-416B-95DA-63A7DA5D0464}.AppStore|Any CPU.ActiveCfg = Release|Any CPU
		{68A6487F-067D-416B-95DA-63A7DA5D0464}.AppStore|Any CPU.Build.0 = Release|Any CPU
		{68A6487F-067D-416B-95DA-63A7DA5D0464}.AppStore|Any CPU.Deploy.0 = Release|Any CPU
		{68A6487F-067D-416B-95DA-63A7DA5D0464}.AppStore|ARM.ActiveCfg = Release|ARM
		{68A6487F-067D-416B-95DA-63A7DA5D0464}.AppStore|ARM.Build.0 = Release|ARM
		{68A6487F-067D-416B-95DA-63A7DA5D0464}.AppStore|ARM.Deploy.0 = Release|ARM
		{68A6487F-067D-416B-95DA-63A7DA5D0464}.AppStore|iPhone.ActiveCfg = Release|Any CPU
		{68A6487F-067D-416B-95DA-63A7DA5D0464}.AppStore|iPhone.Build.0 = Release|Any CPU
		{68A6487F-067D-416B-95DA-63A7DA5D0464}.AppStore|iPhone.Deploy.0 = Release|Any CPU
		{68A6487F-067D-416B-95DA-63A7DA5D0464}.AppStore|iPhoneSimulator.ActiveCfg = Release|Any CPU
		{68A6487F-067D-416B-95DA-63A7DA5D0464}.AppStore|iPhoneSimulator.Build.0 = Release|Any CPU
		{68A6487F-067D-416B-95DA-63A7DA5D0464}.AppStore|iPhoneSimulator.Deploy.0 = Release|Any CPU
		{68A6487F-067D-416B-95DA-63A7DA5D0464}.AppStore|x64.ActiveCfg = Release|x64
		{68A6487F-067D-416B-95DA-63A7DA5D0464}.AppStore|x64.Build.0 = Release|x64
		{68A6487F-067D-416B-95DA-63A7DA5D0464}.AppStore|x64.Deploy.0 = Release|x64
		{68A6487F-067D-416B-95DA-63A7DA5D0464}.AppStore|x86.ActiveCfg = Release|x86
		{68A6487F-067D-416B-95DA-63A7DA5D0464}.AppStore|x86.Build.0 = Release|x86
		{68A6487F-067D-416B-95DA-63A7DA5D0464}.AppStore|x86.Deploy.0 = Release|x86
		{68A6487F-067D-416B-95DA-63A7DA5D0464}.Debug|Any CPU.ActiveCfg = Debug|Any CPU
		{68A6487F-067D-416B-95DA-63A7DA5D0464}.Debug|Any CPU.Build.0 = Debug|Any CPU
		{68A6487F-067D-416B-95DA-63A7DA5D0464}.Debug|Any CPU.Deploy.0 = Debug|Any CPU
		{68A6487F-067D-416B-95DA-63A7DA5D0464}.Debug|ARM.ActiveCfg = Debug|ARM
		{68A6487F-067D-416B-95DA-63A7DA5D0464}.Debug|ARM.Build.0 = Debug|ARM
		{68A6487F-067D-416B-95DA-63A7DA5D0464}.Debug|ARM.Deploy.0 = Debug|ARM
		{68A6487F-067D-416B-95DA-63A7DA5D0464}.Debug|iPhone.ActiveCfg = Debug|Any CPU
		{68A6487F-067D-416B-95DA-63A7DA5D0464}.Debug|iPhone.Build.0 = Debug|Any CPU
		{68A6487F-067D-416B-95DA-63A7DA5D0464}.Debug|iPhone.Deploy.0 = Debug|Any CPU
		{68A6487F-067D-416B-95DA-63A7DA5D0464}.Debug|iPhoneSimulator.ActiveCfg = Debug|Any CPU
		{68A6487F-067D-416B-95DA-63A7DA5D0464}.Debug|iPhoneSimulator.Build.0 = Debug|Any CPU
		{68A6487F-067D-416B-95DA-63A7DA5D0464}.Debug|iPhoneSimulator.Deploy.0 = Debug|Any CPU
		{68A6487F-067D-416B-95DA-63A7DA5D0464}.Debug|x64.ActiveCfg = Debug|x64
		{68A6487F-067D-416B-95DA-63A7DA5D0464}.Debug|x64.Build.0 = Debug|x64
		{68A6487F-067D-416B-95DA-63A7DA5D0464}.Debug|x64.Deploy.0 = Debug|x64
		{68A6487F-067D-416B-95DA-63A7DA5D0464}.Debug|x86.ActiveCfg = Debug|x86
		{68A6487F-067D-416B-95DA-63A7DA5D0464}.Debug|x86.Build.0 = Debug|x86
		{68A6487F-067D-416B-95DA-63A7DA5D0464}.Debug|x86.Deploy.0 = Debug|x86
		{68A6487F-067D-416B-95DA-63A7DA5D0464}.Release|Any CPU.ActiveCfg = Release|Any CPU
		{68A6487F-067D-416B-95DA-63A7DA5D0464}.Release|Any CPU.Build.0 = Release|Any CPU
		{68A6487F-067D-416B-95DA-63A7DA5D0464}.Release|Any CPU.Deploy.0 = Release|Any CPU
		{68A6487F-067D-416B-95DA-63A7DA5D0464}.Release|ARM.ActiveCfg = Release|ARM
		{68A6487F-067D-416B-95DA-63A7DA5D0464}.Release|ARM.Build.0 = Release|ARM
		{68A6487F-067D-416B-95DA-63A7DA5D0464}.Release|ARM.Deploy.0 = Release|ARM
		{68A6487F-067D-416B-95DA-63A7DA5D0464}.Release|iPhone.ActiveCfg = Release|Any CPU
		{68A6487F-067D-416B-95DA-63A7DA5D0464}.Release|iPhone.Build.0 = Release|Any CPU
		{68A6487F-067D-416B-95DA-63A7DA5D0464}.Release|iPhone.Deploy.0 = Release|Any CPU
		{68A6487F-067D-416B-95DA-63A7DA5D0464}.Release|iPhoneSimulator.ActiveCfg = Release|Any CPU
		{68A6487F-067D-416B-95DA-63A7DA5D0464}.Release|iPhoneSimulator.Build.0 = Release|Any CPU
		{68A6487F-067D-416B-95DA-63A7DA5D0464}.Release|iPhoneSimulator.Deploy.0 = Release|Any CPU
		{68A6487F-067D-416B-95DA-63A7DA5D0464}.Release|x64.ActiveCfg = Release|x64
		{68A6487F-067D-416B-95DA-63A7DA5D0464}.Release|x64.Build.0 = Release|x64
		{68A6487F-067D-416B-95DA-63A7DA5D0464}.Release|x64.Deploy.0 = Release|x64
		{68A6487F-067D-416B-95DA-63A7DA5D0464}.Release|x86.ActiveCfg = Release|x86
		{68A6487F-067D-416B-95DA-63A7DA5D0464}.Release|x86.Build.0 = Release|x86
		{68A6487F-067D-416B-95DA-63A7DA5D0464}.Release|x86.Deploy.0 = Release|x86
		{506CAADC-349F-42F6-8EE4-D20AE8470F5A}.Ad-Hoc|Any CPU.ActiveCfg = Release|Any CPU
		{506CAADC-349F-42F6-8EE4-D20AE8470F5A}.Ad-Hoc|Any CPU.Build.0 = Release|Any CPU
		{506CAADC-349F-42F6-8EE4-D20AE8470F5A}.Ad-Hoc|ARM.ActiveCfg = Release|Any CPU
		{506CAADC-349F-42F6-8EE4-D20AE8470F5A}.Ad-Hoc|ARM.Build.0 = Release|Any CPU
		{506CAADC-349F-42F6-8EE4-D20AE8470F5A}.Ad-Hoc|iPhone.ActiveCfg = Release|Any CPU
		{506CAADC-349F-42F6-8EE4-D20AE8470F5A}.Ad-Hoc|iPhone.Build.0 = Release|Any CPU
		{506CAADC-349F-42F6-8EE4-D20AE8470F5A}.Ad-Hoc|iPhoneSimulator.ActiveCfg = Release|Any CPU
		{506CAADC-349F-42F6-8EE4-D20AE8470F5A}.Ad-Hoc|iPhoneSimulator.Build.0 = Release|Any CPU
		{506CAADC-349F-42F6-8EE4-D20AE8470F5A}.Ad-Hoc|x64.ActiveCfg = Release|Any CPU
		{506CAADC-349F-42F6-8EE4-D20AE8470F5A}.Ad-Hoc|x64.Build.0 = Release|Any CPU
		{506CAADC-349F-42F6-8EE4-D20AE8470F5A}.Ad-Hoc|x86.ActiveCfg = Release|Any CPU
		{506CAADC-349F-42F6-8EE4-D20AE8470F5A}.Ad-Hoc|x86.Build.0 = Release|Any CPU
		{506CAADC-349F-42F6-8EE4-D20AE8470F5A}.AppStore|Any CPU.ActiveCfg = Release|Any CPU
		{506CAADC-349F-42F6-8EE4-D20AE8470F5A}.AppStore|Any CPU.Build.0 = Release|Any CPU
		{506CAADC-349F-42F6-8EE4-D20AE8470F5A}.AppStore|ARM.ActiveCfg = Release|Any CPU
		{506CAADC-349F-42F6-8EE4-D20AE8470F5A}.AppStore|ARM.Build.0 = Release|Any CPU
		{506CAADC-349F-42F6-8EE4-D20AE8470F5A}.AppStore|iPhone.ActiveCfg = Release|Any CPU
		{506CAADC-349F-42F6-8EE4-D20AE8470F5A}.AppStore|iPhone.Build.0 = Release|Any CPU
		{506CAADC-349F-42F6-8EE4-D20AE8470F5A}.AppStore|iPhoneSimulator.ActiveCfg = Release|Any CPU
		{506CAADC-349F-42F6-8EE4-D20AE8470F5A}.AppStore|iPhoneSimulator.Build.0 = Release|Any CPU
		{506CAADC-349F-42F6-8EE4-D20AE8470F5A}.AppStore|x64.ActiveCfg = Release|Any CPU
		{506CAADC-349F-42F6-8EE4-D20AE8470F5A}.AppStore|x64.Build.0 = Release|Any CPU
		{506CAADC-349F-42F6-8EE4-D20AE8470F5A}.AppStore|x86.ActiveCfg = Release|Any CPU
		{506CAADC-349F-42F6-8EE4-D20AE8470F5A}.AppStore|x86.Build.0 = Release|Any CPU
		{506CAADC-349F-42F6-8EE4-D20AE8470F5A}.Debug|Any CPU.ActiveCfg = Debug|Any CPU
		{506CAADC-349F-42F6-8EE4-D20AE8470F5A}.Debug|Any CPU.Build.0 = Debug|Any CPU
		{506CAADC-349F-42F6-8EE4-D20AE8470F5A}.Debug|ARM.ActiveCfg = Debug|Any CPU
		{506CAADC-349F-42F6-8EE4-D20AE8470F5A}.Debug|ARM.Build.0 = Debug|Any CPU
		{506CAADC-349F-42F6-8EE4-D20AE8470F5A}.Debug|iPhone.ActiveCfg = Debug|Any CPU
		{506CAADC-349F-42F6-8EE4-D20AE8470F5A}.Debug|iPhone.Build.0 = Debug|Any CPU
		{506CAADC-349F-42F6-8EE4-D20AE8470F5A}.Debug|iPhoneSimulator.ActiveCfg = Debug|Any CPU
		{506CAADC-349F-42F6-8EE4-D20AE8470F5A}.Debug|iPhoneSimulator.Build.0 = Debug|Any CPU
		{506CAADC-349F-42F6-8EE4-D20AE8470F5A}.Debug|x64.ActiveCfg = Debug|Any CPU
		{506CAADC-349F-42F6-8EE4-D20AE8470F5A}.Debug|x64.Build.0 = Debug|Any CPU
		{506CAADC-349F-42F6-8EE4-D20AE8470F5A}.Debug|x86.ActiveCfg = Debug|Any CPU
		{506CAADC-349F-42F6-8EE4-D20AE8470F5A}.Debug|x86.Build.0 = Debug|Any CPU
		{506CAADC-349F-42F6-8EE4-D20AE8470F5A}.Release|Any CPU.ActiveCfg = Release|Any CPU
		{506CAADC-349F-42F6-8EE4-D20AE8470F5A}.Release|Any CPU.Build.0 = Release|Any CPU
		{506CAADC-349F-42F6-8EE4-D20AE8470F5A}.Release|ARM.ActiveCfg = Release|Any CPU
		{506CAADC-349F-42F6-8EE4-D20AE8470F5A}.Release|ARM.Build.0 = Release|Any CPU
		{506CAADC-349F-42F6-8EE4-D20AE8470F5A}.Release|iPhone.ActiveCfg = Release|Any CPU
		{506CAADC-349F-42F6-8EE4-D20AE8470F5A}.Release|iPhone.Build.0 = Release|Any CPU
		{506CAADC-349F-42F6-8EE4-D20AE8470F5A}.Release|iPhoneSimulator.ActiveCfg = Release|Any CPU
		{506CAADC-349F-42F6-8EE4-D20AE8470F5A}.Release|iPhoneSimulator.Build.0 = Release|Any CPU
		{506CAADC-349F-42F6-8EE4-D20AE8470F5A}.Release|x64.ActiveCfg = Release|Any CPU
		{506CAADC-349F-42F6-8EE4-D20AE8470F5A}.Release|x64.Build.0 = Release|Any CPU
		{506CAADC-349F-42F6-8EE4-D20AE8470F5A}.Release|x86.ActiveCfg = Release|Any CPU
		{506CAADC-349F-42F6-8EE4-D20AE8470F5A}.Release|x86.Build.0 = Release|Any CPU
	EndGlobalSection
	GlobalSection(SolutionProperties) = preSolution
		HideSolutionNode = FALSE
	EndGlobalSection
EndGlobal
